
Microsoft Visual Studio Solution File, Format Version 12.00
# Visual Studio 15
VisualStudioVersion = 15.0.28307.539
MinimumVisualStudioVersion = 10.0.40219.1
Project("{FAE04EC0-301F-11D3-BF4B-00C04F79EFBC}") = "WpfApp2", "WpfApp2\WpfApp2.csproj", "{2BEBDD0A-A0B2-48E8-853A-E9A522B23D1A}"
EndProject
Global
	GlobalSection(SolutionConfigurationPlatforms) = preSolution
		Debug|Any CPU = Debug|Any CPU
		Release|Any CPU = Release|Any CPU
	EndGlobalSection
	GlobalSection(ProjectConfigurationPlatforms) = postSolution
		{2BEBDD0A-A0B2-48E8-853A-E9A522B23D1A}.Debug|Any CPU.ActiveCfg = Debug|Any CPU
		{2BEBDD0A-A0B2-48E8-853A-E9A522B23D1A}.Debug|Any CPU.Build.0 = Debug|Any CPU
		{2BEBDD0A-A0B2-48E8-853A-E9A522B23D1A}.Release|Any CPU.ActiveCfg = Release|Any CPU
		{2BEBDD0A-A0B2-48E8-853A-E9A522B23D1A}.Release|Any CPU.Build.0 = Release|Any CPU
	EndGlobalSection
	GlobalSection(SolutionProperties) = preSolution
		HideSolutionNode = FALSE
	EndGlobalSection
	GlobalSection(ExtensibilityGlobals) = postSolution
		SolutionGuid = {5B1ECB98-58D6-4D2E-B81D-372258FCA751}
	EndGlobalSection
EndGlobal
